
Microsoft Visual Studio Solution File, Format Version 12.00
# Visual Studio 15
VisualStudioVersion = 15.0.28307.489
MinimumVisualStudioVersion = 10.0.40219.1
Project("{FAE04EC0-301F-11D3-BF4B-00C04F79EFBC}") = "stimulSoft_core2", "stimulSoft_core2\stimulSoft_core2.csproj", "{E94CF92C-6BCA-4C48-94A4-F7A7CA941954}"
EndProject
Global
	GlobalSection(SolutionConfigurationPlatforms) = preSolution
		Debug|Any CPU = Debug|Any CPU
		Release|Any CPU = Release|Any CPU
	EndGlobalSection
	GlobalSection(ProjectConfigurationPlatforms) = postSolution
		{E94CF92C-6BCA-4C48-94A4-F7A7CA941954}.Debug|Any CPU.ActiveCfg = Debug|Any CPU
		{E94CF92C-6BCA-4C48-94A4-F7A7CA941954}.Debug|Any CPU.Build.0 = Debug|Any CPU
		{E94CF92C-6BCA-4C48-94A4-F7A7CA941954}.Release|Any CPU.ActiveCfg = Release|Any CPU
		{E94CF92C-6BCA-4C48-94A4-F7A7CA941954}.Release|Any CPU.Build.0 = Release|Any CPU
	EndGlobalSection
	GlobalSection(SolutionProperties) = preSolution
		HideSolutionNode = FALSE
	EndGlobalSection
	GlobalSection(ExtensibilityGlobals) = postSolution
		SolutionGuid = {347561E5-6B49-49F9-A45C-504CADF5479F}
	EndGlobalSection
EndGlobal
